
Microsoft Visual Studio Solution File, Format Version 12.00
# Visual Studio Version 17
VisualStudioVersion = 17.9.34616.47
MinimumVisualStudioVersion = 10.0.40219.1
Project("{9A19103F-16F7-4668-BE54-9A1E7A4F7556}") = "Ophiuchus", "Ophiuchus.csproj", "{59AD9F8E-1001-49F4-AD96-50BF80CB7695}"
EndProject
Project("{2150E333-8FDC-42A3-9474-1A3956D46DE8}") = "솔루션 항목", "솔루션 항목", "{F98B596D-6623-4C3A-BC3C-391F9F3E704E}"
	ProjectSection(SolutionItems) = preProject
		Resources\41676778.png = Resources\41676778.png
	EndProjectSection
EndProject
Global
	GlobalSection(SolutionConfigurationPlatforms) = preSolution
		Debug|Any CPU = Debug|Any CPU
		Release|Any CPU = Release|Any CPU
	EndGlobalSection
	GlobalSection(ProjectConfigurationPlatforms) = postSolution
		{59AD9F8E-1001-49F4-AD96-50BF80CB7695}.Debug|Any CPU.ActiveCfg = Debug|Any CPU
		{59AD9F8E-1001-49F4-AD96-50BF80CB7695}.Debug|Any CPU.Build.0 = Debug|Any CPU
		{59AD9F8E-1001-49F4-AD96-50BF80CB7695}.Release|Any CPU.ActiveCfg = Release|Any CPU
		{59AD9F8E-1001-49F4-AD96-50BF80CB7695}.Release|Any CPU.Build.0 = Release|Any CPU
	EndGlobalSection
	GlobalSection(SolutionProperties) = preSolution
		HideSolutionNode = FALSE
	EndGlobalSection
	GlobalSection(ExtensibilityGlobals) = postSolution
		SolutionGuid = {99A02758-2E49-4608-9420-EB05F5D1CC00}
	EndGlobalSection
EndGlobal
